
Microsoft Visual Studio Solution File, Format Version 12.00
# Visual Studio Version 16
VisualStudioVersion = 16.0.30517.126
MinimumVisualStudioVersion = 10.0.40219.1
Project("{FAE04EC0-301F-11D3-BF4B-00C04F79EFBC}") = "ClickerApp13", "ClickerApp13.csproj", "{7763908F-9B0B-48E6-B233-0F8D95813554}"
EndProject
Global
	GlobalSection(SolutionConfigurationPlatforms) = preSolution
		Debug|x86 = Debug|x86
		Release|x86 = Release|x86
	EndGlobalSection
	GlobalSection(ProjectConfigurationPlatforms) = postSolution
		{7763908F-9B0B-48E6-B233-0F8D95813554}.Debug|x86.ActiveCfg = Debug|x86
		{7763908F-9B0B-48E6-B233-0F8D95813554}.Debug|x86.Build.0 = Debug|x86
		{7763908F-9B0B-48E6-B233-0F8D95813554}.Release|x86.ActiveCfg = Release|x86
		{7763908F-9B0B-48E6-B233-0F8D95813554}.Release|x86.Build.0 = Release|x86
	EndGlobalSection
	GlobalSection(SolutionProperties) = preSolution
		HideSolutionNode = FALSE
	EndGlobalSection
	GlobalSection(ExtensibilityGlobals) = postSolution
		SolutionGuid = {FBC0A66B-8E28-4E77-B5A9-7C2CAE8E6C92}
	EndGlobalSection
EndGlobal
